
Microsoft Visual Studio Solution File, Format Version 12.00
# Visual Studio Version 16
VisualStudioVersion = 25.0.1704.2
MinimumVisualStudioVersion = 10.0.40219.1
Project("{FAE04EC0-301F-11D3-BF4B-00C04F79EFBC}") = "SuperHeroApp", "SuperHeroApp\SuperHeroApp.csproj", "{F6CBE5EA-14ED-4CB5-B923-1F648F23DE15}"
EndProject
Global
	GlobalSection(SolutionConfigurationPlatforms) = preSolution
		Debug|Any CPU = Debug|Any CPU
		Release|Any CPU = Release|Any CPU
	EndGlobalSection
	GlobalSection(ProjectConfigurationPlatforms) = postSolution
		{F6CBE5EA-14ED-4CB5-B923-1F648F23DE15}.Debug|Any CPU.ActiveCfg = Debug|Any CPU
		{F6CBE5EA-14ED-4CB5-B923-1F648F23DE15}.Debug|Any CPU.Build.0 = Debug|Any CPU
		{F6CBE5EA-14ED-4CB5-B923-1F648F23DE15}.Release|Any CPU.ActiveCfg = Release|Any CPU
		{F6CBE5EA-14ED-4CB5-B923-1F648F23DE15}.Release|Any CPU.Build.0 = Release|Any CPU
	EndGlobalSection
	GlobalSection(SolutionProperties) = preSolution
		HideSolutionNode = FALSE
	EndGlobalSection
	GlobalSection(ExtensibilityGlobals) = postSolution
		SolutionGuid = {0848E6B6-568B-437B-975D-22998B5E62A7}
	EndGlobalSection
EndGlobal
